<?xml version="1.0" encoding="utf-8"?>
<Project ToolsVersion="4.0" xmlns="http://schemas.microsoft.com/developer/msbuild/2003">
  <ItemGroup>
    <Filter Include="Source Files">
      <UniqueIdentifier>{4FC737F1-C7A5-4376-A066-2A32D752A2FF}</UniqueIdentifier>
      <Extensions>cpp;c;cc;cxx;c++;cppm;ixx;def;odl;idl;hpj;bat;asm;asmx</Extensions>
    </Filter>
    <Filter Include="Source Files\Console">
      <UniqueIdentifier>{7aef3f4d-7e72-4f72-b5f3-ed622499fb8b}</UniqueIdentifier>
    </Filter>
    <Filter Include="Source Files\Objects">
      <UniqueIdentifier>{056ad0fd-7b53-4873-8c4a-88d205b70d86}</UniqueIdentifier>
    </Filter>
  </ItemGroup>
  <ItemGroup>
    <ClCompile Include="People.cpp">
      <Filter>Source Files\Objects</Filter>
    </ClCompile>
    <ClCompile Include="Console.cpp">
      <Filter>Source Files\Console</Filter>
    </ClCompile>
    <ClCompile Include="Game.cpp">
      <Filter>Source Files\Objects</Filter>
    </ClCompile>
    <ClCompile Include="main.cpp">
      <Filter>Source Files</Filter>
    </ClCompile>
  </ItemGroup>
  <ItemGroup>
    <ClInclude Include="Animal.h">
      <Filter>Source Files\Objects</Filter>
    </ClInclude>
    <ClInclude Include="Vehicle.h">
      <Filter>Source Files\Objects</Filter>
    </ClInclude>
    <ClInclude Include="Car.h">
      <Filter>Source Files\Objects</Filter>
    </ClInclude>
    <ClInclude Include="Truck.h">
      <Filter>Source Files\Objects</Filter>
    </ClInclude>
    <ClInclude Include="People.h">
      <Filter>Source Files\Objects</Filter>
    </ClInclude>
    <ClInclude Include="Bird.h">
      <Filter>Source Files\Objects</Filter>
    </ClInclude>
    <ClInclude Include="Dinosaur.h">
      <Filter>Source Files\Objects</Filter>
    </ClInclude>
    <ClInclude Include="Console.h">
      <Filter>Source Files\Console</Filter>
    </ClInclude>
    <ClInclude Include="Game.h">
      <Filter>Source Files\Objects</Filter>
    </ClInclude>
  </ItemGroup>
</Project>